
Microsoft Visual Studio Solution File, Format Version 12.00
# Visual Studio 2013
VisualStudioVersion = 12.0.21005.1
MinimumVisualStudioVersion = 10.0.40219.1
Project("{CC5FD16D-436D-48AD-A40C-5A424C6E3E79}") = "WindowsAzure3", "WindowsAzure3\WindowsAzure3.ccproj", "{F4C4A7A9-1C18-4CD3-980B-5A957F2A163C}"
EndProject
Project("{FAE04EC0-301F-11D3-BF4B-00C04F79EFBC}") = "WebRole1", "WebRole1\WebRole1.csproj", "{BECEAD11-1385-48C8-A407-B0D7406F0797}"
EndProject
Project("{FAE04EC0-301F-11D3-BF4B-00C04F79EFBC}") = "WorkerRole1", "WorkerRole1\WorkerRole1.csproj", "{77EBBFB0-90C0-42FC-AB89-48D573478B9D}"
EndProject
Global
	GlobalSection(SolutionConfigurationPlatforms) = preSolution
		Debug|Any CPU = Debug|Any CPU
		Release|Any CPU = Release|Any CPU
	EndGlobalSection
	GlobalSection(ProjectConfigurationPlatforms) = postSolution
		{F4C4A7A9-1C18-4CD3-980B-5A957F2A163C}.Debug|Any CPU.ActiveCfg = Debug|Any CPU
		{F4C4A7A9-1C18-4CD3-980B-5A957F2A163C}.Debug|Any CPU.Build.0 = Debug|Any CPU
		{F4C4A7A9-1C18-4CD3-980B-5A957F2A163C}.Release|Any CPU.ActiveCfg = Release|Any CPU
		{F4C4A7A9-1C18-4CD3-980B-5A957F2A163C}.Release|Any CPU.Build.0 = Release|Any CPU
		{BECEAD11-1385-48C8-A407-B0D7406F0797}.Debug|Any CPU.ActiveCfg = Debug|Any CPU
		{BECEAD11-1385-48C8-A407-B0D7406F0797}.Debug|Any CPU.Build.0 = Debug|Any CPU
		{BECEAD11-1385-48C8-A407-B0D7406F0797}.Release|Any CPU.ActiveCfg = Release|Any CPU
		{BECEAD11-1385-48C8-A407-B0D7406F0797}.Release|Any CPU.Build.0 = Release|Any CPU
		{77EBBFB0-90C0-42FC-AB89-48D573478B9D}.Debug|Any CPU.ActiveCfg = Debug|Any CPU
		{77EBBFB0-90C0-42FC-AB89-48D573478B9D}.Debug|Any CPU.Build.0 = Debug|Any CPU
		{77EBBFB0-90C0-42FC-AB89-48D573478B9D}.Release|Any CPU.ActiveCfg = Release|Any CPU
		{77EBBFB0-90C0-42FC-AB89-48D573478B9D}.Release|Any CPU.Build.0 = Release|Any CPU
	EndGlobalSection
	GlobalSection(SolutionProperties) = preSolution
		HideSolutionNode = FALSE
	EndGlobalSection
EndGlobal
